
Microsoft Visual Studio Solution File, Format Version 12.00
# Visual Studio Version 16
VisualStudioVersion = 16.0.30104.148
MinimumVisualStudioVersion = 10.0.40219.1
Project("{FAE04EC0-301F-11D3-BF4B-00C04F79EFBC}") = "MasterMind", "MasterMind\MasterMind.csproj", "{77FD870B-A19F-4E57-97FF-4A4241D5F044}"
EndProject
Global
	GlobalSection(SolutionConfigurationPlatforms) = preSolution
		Debug|Any CPU = Debug|Any CPU
		Release|Any CPU = Release|Any CPU
	EndGlobalSection
	GlobalSection(ProjectConfigurationPlatforms) = postSolution
		{77FD870B-A19F-4E57-97FF-4A4241D5F044}.Debug|Any CPU.ActiveCfg = Debug|Any CPU
		{77FD870B-A19F-4E57-97FF-4A4241D5F044}.Debug|Any CPU.Build.0 = Debug|Any CPU
		{77FD870B-A19F-4E57-97FF-4A4241D5F044}.Release|Any CPU.ActiveCfg = Release|Any CPU
		{77FD870B-A19F-4E57-97FF-4A4241D5F044}.Release|Any CPU.Build.0 = Release|Any CPU
	EndGlobalSection
	GlobalSection(SolutionProperties) = preSolution
		HideSolutionNode = FALSE
	EndGlobalSection
	GlobalSection(ExtensibilityGlobals) = postSolution
		SolutionGuid = {67CE02D5-5EFF-47D0-98D9-E8F072F0E43D}
	EndGlobalSection
EndGlobal
